
Microsoft Visual Studio Solution File, Format Version 12.00
# Visual Studio 15
VisualStudioVersion = 15.0.27004.2010
MinimumVisualStudioVersion = 10.0.40219.1
Project("{FAE04EC0-301F-11D3-BF4B-00C04F79EFBC}") = "Assessment_Q04", "Assessment_Q04\Assessment_Q04.csproj", "{EC471E88-5F0D-4D26-9149-B9580FDFC3EF}"
EndProject
Global
	GlobalSection(SolutionConfigurationPlatforms) = preSolution
		Debug|Any CPU = Debug|Any CPU
		Release|Any CPU = Release|Any CPU
	EndGlobalSection
	GlobalSection(ProjectConfigurationPlatforms) = postSolution
		{EC471E88-5F0D-4D26-9149-B9580FDFC3EF}.Debug|Any CPU.ActiveCfg = Debug|Any CPU
		{EC471E88-5F0D-4D26-9149-B9580FDFC3EF}.Debug|Any CPU.Build.0 = Debug|Any CPU
		{EC471E88-5F0D-4D26-9149-B9580FDFC3EF}.Release|Any CPU.ActiveCfg = Release|Any CPU
		{EC471E88-5F0D-4D26-9149-B9580FDFC3EF}.Release|Any CPU.Build.0 = Release|Any CPU
	EndGlobalSection
	GlobalSection(SolutionProperties) = preSolution
		HideSolutionNode = FALSE
	EndGlobalSection
	GlobalSection(ExtensibilityGlobals) = postSolution
		SolutionGuid = {8071ED46-9EC2-48CE-BBEB-937F15D43783}
	EndGlobalSection
EndGlobal
