
Microsoft Visual Studio Solution File, Format Version 12.00
# Visual Studio 15
VisualStudioVersion = 15.0.27004.2010
MinimumVisualStudioVersion = 10.0.40219.1
Project("{FAE04EC0-301F-11D3-BF4B-00C04F79EFBC}") = "Assessment_Q02", "Assessment_Q02\Assessment_Q02.csproj", "{DD8FF789-A3A1-480E-A01C-BD3FBE1DDAA4}"
EndProject
Global
	GlobalSection(SolutionConfigurationPlatforms) = preSolution
		Debug|Any CPU = Debug|Any CPU
		Release|Any CPU = Release|Any CPU
	EndGlobalSection
	GlobalSection(ProjectConfigurationPlatforms) = postSolution
		{DD8FF789-A3A1-480E-A01C-BD3FBE1DDAA4}.Debug|Any CPU.ActiveCfg = Debug|Any CPU
		{DD8FF789-A3A1-480E-A01C-BD3FBE1DDAA4}.Debug|Any CPU.Build.0 = Debug|Any CPU
		{DD8FF789-A3A1-480E-A01C-BD3FBE1DDAA4}.Release|Any CPU.ActiveCfg = Release|Any CPU
		{DD8FF789-A3A1-480E-A01C-BD3FBE1DDAA4}.Release|Any CPU.Build.0 = Release|Any CPU
	EndGlobalSection
	GlobalSection(SolutionProperties) = preSolution
		HideSolutionNode = FALSE
	EndGlobalSection
	GlobalSection(ExtensibilityGlobals) = postSolution
		SolutionGuid = {6F007390-FA31-4A40-BFB0-3D65AA6F5986}
	EndGlobalSection
EndGlobal
